
Microsoft Visual Studio Solution File, Format Version 12.00
# Visual Studio 15
VisualStudioVersion = 15.0.26124.0
MinimumVisualStudioVersion = 15.0.26124.0
Project("{2150E333-8FDC-42A3-9474-1A3956D46DE8}") = "src", "src", "{B1359E21-D833-490A-9422-C779CF1DF8D3}"
EndProject
Project("{FAE04EC0-301F-11D3-BF4B-00C04F79EFBC}") = "LabDeployment", "src\LabDeployment\LabDeployment.csproj", "{D49471D2-460A-49A3-AAEF-C80511C2E52F}"
EndProject
Global
	GlobalSection(SolutionConfigurationPlatforms) = preSolution
		Debug|Any CPU = Debug|Any CPU
		Debug|x64 = Debug|x64
		Debug|x86 = Debug|x86
		Release|Any CPU = Release|Any CPU
		Release|x64 = Release|x64
		Release|x86 = Release|x86
	EndGlobalSection
	GlobalSection(SolutionProperties) = preSolution
		HideSolutionNode = FALSE
	EndGlobalSection
	GlobalSection(ProjectConfigurationPlatforms) = postSolution
		{D49471D2-460A-49A3-AAEF-C80511C2E52F}.Debug|Any CPU.ActiveCfg = Debug|Any CPU
		{D49471D2-460A-49A3-AAEF-C80511C2E52F}.Debug|Any CPU.Build.0 = Debug|Any CPU
		{D49471D2-460A-49A3-AAEF-C80511C2E52F}.Debug|x64.ActiveCfg = Debug|Any CPU
		{D49471D2-460A-49A3-AAEF-C80511C2E52F}.Debug|x64.Build.0 = Debug|Any CPU
		{D49471D2-460A-49A3-AAEF-C80511C2E52F}.Debug|x86.ActiveCfg = Debug|Any CPU
		{D49471D2-460A-49A3-AAEF-C80511C2E52F}.Debug|x86.Build.0 = Debug|Any CPU
		{D49471D2-460A-49A3-AAEF-C80511C2E52F}.Release|Any CPU.ActiveCfg = Release|Any CPU
		{D49471D2-460A-49A3-AAEF-C80511C2E52F}.Release|Any CPU.Build.0 = Release|Any CPU
		{D49471D2-460A-49A3-AAEF-C80511C2E52F}.Release|x64.ActiveCfg = Release|Any CPU
		{D49471D2-460A-49A3-AAEF-C80511C2E52F}.Release|x64.Build.0 = Release|Any CPU
		{D49471D2-460A-49A3-AAEF-C80511C2E52F}.Release|x86.ActiveCfg = Release|Any CPU
		{D49471D2-460A-49A3-AAEF-C80511C2E52F}.Release|x86.Build.0 = Release|Any CPU
	EndGlobalSection
	GlobalSection(NestedProjects) = preSolution
		{D49471D2-460A-49A3-AAEF-C80511C2E52F} = {B1359E21-D833-490A-9422-C779CF1DF8D3}
	EndGlobalSection
EndGlobal
